// !$*UTF8*$!
{
	archiveVersion = 1;
	classes = {
	};
	objectVersion = 46;
	objects = {

/* Begin PBXBuildFile section */
		4F71D3D51BFE894C000FC3EB /* MainMenu.xib in Resources */ = {isa = PBXBuildFile; fileRef = 4F71D3D31BFE894C000FC3EB /* MainMenu.xib */; };
		4F71D3E31BFEBC00000FC3EB /* AppDelegate.swift in Sources */ = {isa = PBXBuildFile; fileRef = 4F71D3E21BFEBC00000FC3EB /* AppDelegate.swift */; };
		4F83D10E1C00E50B00670F94 /* AppKit.framework in Frameworks */ = {isa = PBXBuildFile; fileRef = 4F83D10D1C00E50B00670F94 /* AppKit.framework */; };
		4F967DA21BFD1DDA0048DE4D /* Assets.xcassets in Resources */ = {isa = PBXBuildFile; fileRef = 4F967DA11BFD1DDA0048DE4D /* Assets.xcassets */; };
		4FBB5BDB1C187FB600CF95B5 /* SwiftShell.framework in Frameworks */ = {isa = PBXBuildFile; fileRef = 4FBB5BDA1C187FB600CF95B5 /* SwiftShell.framework */; };
		4FBB5BDC1C187FBE00CF95B5 /* SwiftShell.framework in Copy External Frameworks */ = {isa = PBXBuildFile; fileRef = 4FBB5BDA1C187FB600CF95B5 /* SwiftShell.framework */; settings = {ATTRIBUTES = (CodeSignOnCopy, RemoveHeadersOnCopy, ); }; };
/* End PBXBuildFile section */

/* Begin PBXCopyFilesBuildPhase section */
		4F93F4C81C17468B00DB4F2C /* Copy External Frameworks */ = {
			isa = PBXCopyFilesBuildPhase;
			buildActionMask = 2147483647;
			dstPath = "";
			dstSubfolderSpec = 10;
			files = (
				4FBB5BDC1C187FBE00CF95B5 /* SwiftShell.framework in Copy External Frameworks */,
			);
			name = "Copy External Frameworks";
			runOnlyForDeploymentPostprocessing = 0;
		};
/* End PBXCopyFilesBuildPhase section */

/* Begin PBXFileReference section */
		4F71D3D41BFE894C000FC3EB /* Base */ = {isa = PBXFileReference; lastKnownFileType = file.xib; name = Base; path = Base.lproj/MainMenu.xib; sourceTree = "<group>"; };
		4F71D3E21BFEBC00000FC3EB /* AppDelegate.swift */ = {isa = PBXFileReference; fileEncoding = 4; lastKnownFileType = sourcecode.swift; path = AppDelegate.swift; sourceTree = "<group>"; };
		4F83D10D1C00E50B00670F94 /* AppKit.framework */ = {isa = PBXFileReference; lastKnownFileType = wrapper.framework; name = AppKit.framework; path = System/Library/Frameworks/AppKit.framework; sourceTree = SDKROOT; };
		4F967D9C1BFD1DDA0048DE4D /* Shellbar.app */ = {isa = PBXFileReference; explicitFileType = wrapper.application; includeInIndex = 0; path = Shellbar.app; sourceTree = BUILT_PRODUCTS_DIR; };
		4F967DA11BFD1DDA0048DE4D /* Assets.xcassets */ = {isa = PBXFileReference; lastKnownFileType = folder.assetcatalog; path = Assets.xcassets; sourceTree = "<group>"; };
		4F967DA61BFD1DDA0048DE4D /* Info.plist */ = {isa = PBXFileReference; lastKnownFileType = text.plist.xml; path = Info.plist; sourceTree = "<group>"; };
		4FBB5BDA1C187FB600CF95B5 /* SwiftShell.framework */ = {isa = PBXFileReference; lastKnownFileType = wrapper.framework; path = SwiftShell.framework; sourceTree = "<group>"; };
/* End PBXFileReference section */

/* Begin PBXFrameworksBuildPhase section */
		4F967D991BFD1DDA0048DE4D /* Frameworks */ = {
			isa = PBXFrameworksBuildPhase;
			buildActionMask = 2147483647;
			files = (
				4FBB5BDB1C187FB600CF95B5 /* SwiftShell.framework in Frameworks */,
				4F83D10E1C00E50B00670F94 /* AppKit.framework in Frameworks */,
			);
			runOnlyForDeploymentPostprocessing = 0;
		};
/* End PBXFrameworksBuildPhase section */

/* Begin PBXGroup section */
		4F967D931BFD1DDA0048DE4D = {
			isa = PBXGroup;
			children = (
				4F967DC81BFD1F100048DE4D /* Frameworks */,
				4F967D9E1BFD1DDA0048DE4D /* Shellbar */,
				4F967D9D1BFD1DDA0048DE4D /* Products */,
			);
			sourceTree = "<group>";
		};
		4F967D9D1BFD1DDA0048DE4D /* Products */ = {
			isa = PBXGroup;
			children = (
				4F967D9C1BFD1DDA0048DE4D /* Shellbar.app */,
			);
			name = Products;
			sourceTree = "<group>";
		};
		4F967D9E1BFD1DDA0048DE4D /* Shellbar */ = {
			isa = PBXGroup;
			children = (
				4F71D3D31BFE894C000FC3EB /* MainMenu.xib */,
				4F71D3E21BFEBC00000FC3EB /* AppDelegate.swift */,
				4FD5DE451C00D46E006AB557 /* Resources */,
			);
			path = Shellbar;
			sourceTree = "<group>";
		};
		4F967DC81BFD1F100048DE4D /* Frameworks */ = {
			isa = PBXGroup;
			children = (
				4FBB5BDA1C187FB600CF95B5 /* SwiftShell.framework */,
				4F83D10D1C00E50B00670F94 /* AppKit.framework */,
			);
			name = Frameworks;
			path = Shellbar/Frameworks;
			sourceTree = "<group>";
		};
		4FD5DE451C00D46E006AB557 /* Resources */ = {
			isa = PBXGroup;
			children = (
				4F967DA11BFD1DDA0048DE4D /* Assets.xcassets */,
				4F967DA61BFD1DDA0048DE4D /* Info.plist */,
			);
			name = Resources;
			sourceTree = "<group>";
		};
/* End PBXGroup section */

/* Begin PBXNativeTarget section */
		4F967D9B1BFD1DDA0048DE4D /* Shellbar */ = {
			isa = PBXNativeTarget;
			buildConfigurationList = 4F967DBF1BFD1DDA0048DE4D /* Build configuration list for PBXNativeTarget "Shellbar" */;
			buildPhases = (
				4F967D981BFD1DDA0048DE4D /* Sources */,
				4F967D991BFD1DDA0048DE4D /* Frameworks */,
				4F967D9A1BFD1DDA0048DE4D /* Resources */,
				4F93F4C81C17468B00DB4F2C /* Copy External Frameworks */,
			);
			buildRules = (
			);
			dependencies = (
			);
			name = Shellbar;
			productName = Shellbar;
			productReference = 4F967D9C1BFD1DDA0048DE4D /* Shellbar.app */;
			productType = "com.apple.product-type.application";
		};
/* End PBXNativeTarget section */

/* Begin PBXProject section */
		4F967D941BFD1DDA0048DE4D /* Project object */ = {
			isa = PBXProject;
			attributes = {
				LastSwiftUpdateCheck = 0710;
				LastUpgradeCheck = 0720;
				ORGANIZATIONNAME = thrifus;
				TargetAttributes = {
					4F967D9B1BFD1DDA0048DE4D = {
						CreatedOnToolsVersion = 7.1.1;
						SystemCapabilities = {
							com.apple.ApplicationGroups.Mac = {
								enabled = 0;
							};
							com.apple.Sandbox = {
								enabled = 0;
							};
						};
					};
				};
			};
			buildConfigurationList = 4F967D971BFD1DDA0048DE4D /* Build configuration list for PBXProject "Shellbar" */;
			compatibilityVersion = "Xcode 3.2";
			developmentRegion = English;
			hasScannedForEncodings = 0;
			knownRegions = (
				en,
				Base,
			);
			mainGroup = 4F967D931BFD1DDA0048DE4D;
			productRefGroup = 4F967D9D1BFD1DDA0048DE4D /* Products */;
			projectDirPath = "";
			projectRoot = "";
			targets = (
				4F967D9B1BFD1DDA0048DE4D /* Shellbar */,
			);
		};
/* End PBXProject section */

/* Begin PBXResourcesBuildPhase section */
		4F967D9A1BFD1DDA0048DE4D /* Resources */ = {
			isa = PBXResourcesBuildPhase;
			buildActionMask = 2147483647;
			files = (
				4F967DA21BFD1DDA0048DE4D /* Assets.xcassets in Resources */,
				4F71D3D51BFE894C000FC3EB /* MainMenu.xib in Resources */,
			);
			runOnlyForDeploymentPostprocessing = 0;
		};
/* End PBXResourcesBuildPhase section */

/* Begin PBXSourcesBuildPhase section */
		4F967D981BFD1DDA0048DE4D /* Sources */ = {
			isa = PBXSourcesBuildPhase;
			buildActionMask = 2147483647;
			files = (
				4F71D3E31BFEBC00000FC3EB /* AppDelegate.swift in Sources */,
			);
			runOnlyForDeploymentPostprocessing = 0;
		};
/* End PBXSourcesBuildPhase section */

/* Begin PBXVariantGroup section */
		4F71D3D31BFE894C000FC3EB /* MainMenu.xib */ = {
			isa = PBXVariantGroup;
			children = (
				4F71D3D41BFE894C000FC3EB /* Base */,
			);
			name = MainMenu.xib;
			sourceTree = "<group>";
		};
/* End PBXVariantGroup section */

/* Begin XCBuildConfiguration section */
		4F967DBD1BFD1DDA0048DE4D /* Debug */ = {
			isa = XCBuildConfiguration;
			buildSettings = {
				ALWAYS_SEARCH_USER_PATHS = NO;
				CLANG_CXX_LANGUAGE_STANDARD = "gnu++0x";
				CLANG_CXX_LIBRARY = "libc++";
				CLANG_ENABLE_MODULES = YES;
				CLANG_ENABLE_OBJC_ARC = YES;
				CLANG_WARN_BOOL_CONVERSION = YES;
				CLANG_WARN_CONSTANT_CONVERSION = YES;
				CLANG_WARN_DIRECT_OBJC_ISA_USAGE = YES_ERROR;
				CLANG_WARN_EMPTY_BODY = YES;
				CLANG_WARN_ENUM_CONVERSION = YES;
				CLANG_WARN_INT_CONVERSION = YES;
				CLANG_WARN_OBJC_ROOT_CLASS = YES_ERROR;
				CLANG_WARN_UNREACHABLE_CODE = YES;
				CLANG_WARN__DUPLICATE_METHOD_MATCH = YES;
				CODE_SIGN_IDENTITY = "";
				COPY_PHASE_STRIP = NO;
				DEBUG_INFORMATION_FORMAT = dwarf;
				ENABLE_STRICT_OBJC_MSGSEND = YES;
				ENABLE_TESTABILITY = YES;
				GCC_C_LANGUAGE_STANDARD = gnu99;
				GCC_DYNAMIC_NO_PIC = NO;
				GCC_NO_COMMON_BLOCKS = YES;
				GCC_OPTIMIZATION_LEVEL = 0;
				GCC_PREPROCESSOR_DEFINITIONS = (
					"DEBUG=1",
					"$(inherited)",
				);
				GCC_WARN_64_TO_32_BIT_CONVERSION = YES;
				GCC_WARN_ABOUT_RETURN_TYPE = YES_ERROR;
				GCC_WARN_UNDECLARED_SELECTOR = YES;
				GCC_WARN_UNINITIALIZED_AUTOS = YES_AGGRESSIVE;
				GCC_WARN_UNUSED_FUNCTION = YES;
				GCC_WARN_UNUSED_VARIABLE = YES;
				MACOSX_DEPLOYMENT_TARGET = 10.10;
				MTL_ENABLE_DEBUG_INFO = YES;
				ONLY_ACTIVE_ARCH = YES;
				SDKROOT = macosx;
				SWIFT_OPTIMIZATION_LEVEL = "-Onone";
				VALIDATE_PRODUCT = YES;
			};
			name = Debug;
		};
		4F967DBE1BFD1DDA0048DE4D /* Release */ = {
			isa = XCBuildConfiguration;
			buildSettings = {
				ALWAYS_SEARCH_USER_PATHS = NO;
				CLANG_CXX_LANGUAGE_STANDARD = "gnu++0x";
				CLANG_CXX_LIBRARY = "libc++";
				CLANG_ENABLE_MODULES = YES;
				CLANG_ENABLE_OBJC_ARC = YES;
				CLANG_WARN_BOOL_CONVERSION = YES;
				CLANG_WARN_CONSTANT_CONVERSION = YES;
				CLANG_WARN_DIRECT_OBJC_ISA_USAGE = YES_ERROR;
				CLANG_WARN_EMPTY_BODY = YES;
				CLANG_WARN_ENUM_CONVERSION = YES;
				CLANG_WARN_INT_CONVERSION = YES;
				CLANG_WARN_OBJC_ROOT_CLASS = YES_ERROR;
				CLANG_WARN_UNREACHABLE_CODE = YES;
				CLANG_WARN__DUPLICATE_METHOD_MATCH = YES;
				CODE_SIGN_IDENTITY = "";
				COPY_PHASE_STRIP = NO;
				DEBUG_INFORMATION_FORMAT = "dwarf-with-dsym";
				ENABLE_NS_ASSERTIONS = NO;
				ENABLE_STRICT_OBJC_MSGSEND = YES;
				GCC_C_LANGUAGE_STANDARD = gnu99;
				GCC_NO_COMMON_BLOCKS = YES;
				GCC_WARN_64_TO_32_BIT_CONVERSION = YES;
				GCC_WARN_ABOUT_RETURN_TYPE = YES_ERROR;
				GCC_WARN_UNDECLARED_SELECTOR = YES;
				GCC_WARN_UNINITIALIZED_AUTOS = YES_AGGRESSIVE;
				GCC_WARN_UNUSED_FUNCTION = YES;
				GCC_WARN_UNUSED_VARIABLE = YES;
				MACOSX_DEPLOYMENT_TARGET = 10.10;
				MTL_ENABLE_DEBUG_INFO = NO;
				SDKROOT = macosx;
				VALIDATE_PRODUCT = YES;
			};
			name = Release;
		};
		4F967DC01BFD1DDA0048DE4D /* Debug */ = {
			isa = XCBuildConfiguration;
			buildSettings = {
				ASSETCATALOG_COMPILER_APPICON_NAME = AppIcon;
				ASSETCATALOG_NOTICES = YES;
				ASSETCATALOG_WARNINGS = YES;
				CLANG_USE_OPTIMIZATION_PROFILE = NO;
				CODE_SIGN_IDENTITY = "";
				"CODE_SIGN_IDENTITY[sdk=macosx*]" = "";
				COMBINE_HIDPI_IMAGES = YES;
				DEPLOYMENT_LOCATION = NO;
				FRAMEWORK_SEARCH_PATHS = (
					"$(inherited)",
					"$(USER_LIBRARY_DIR)/Frameworks",
					"$(SYSTEM_LIBRARY_DIR)/PrivateFrameworks",
					"$(SYSTEM_LIBRARY_DIR)/PrivateFrameworks/PhotoLibraryPrivate.framework/Versions/A/Frameworks",
					"$(LOCAL_LIBRARY_DIR)/Frameworks",
					"$(PROJECT_DIR)/Shellbar/External",
					Frameworks,
					"$(PROJECT_DIR)/Shellbar/ExternalFrameworks",
				);
				INFOPLIST_FILE = Shellbar/Info.plist;
				LD_RUNPATH_SEARCH_PATHS = "$(inherited) @executable_path/../Frameworks";
				MACOSX_DEPLOYMENT_TARGET = 10.10;
				PRODUCT_BUNDLE_IDENTIFIER = com.thrifus.Shellbar;
				PRODUCT_NAME = "$(TARGET_NAME)";
				PROVISIONING_PROFILE = "";
				SWIFT_OBJC_BRIDGING_HEADER = "";
				VALIDATE_PRODUCT = YES;
			};
			name = Debug;
		};
		4F967DC11BFD1DDA0048DE4D /* Release */ = {
			isa = XCBuildConfiguration;
			buildSettings = {
				ASSETCATALOG_COMPILER_APPICON_NAME = AppIcon;
				ASSETCATALOG_NOTICES = YES;
				ASSETCATALOG_WARNINGS = YES;
				CLANG_USE_OPTIMIZATION_PROFILE = NO;
				CODE_SIGN_IDENTITY = "";
				"CODE_SIGN_IDENTITY[sdk=macosx*]" = "";
				COMBINE_HIDPI_IMAGES = YES;
				DEPLOYMENT_LOCATION = NO;
				FRAMEWORK_SEARCH_PATHS = (
					"$(inherited)",
					"$(USER_LIBRARY_DIR)/Frameworks",
					"$(SYSTEM_LIBRARY_DIR)/PrivateFrameworks",
					"$(SYSTEM_LIBRARY_DIR)/PrivateFrameworks/PhotoLibraryPrivate.framework/Versions/A/Frameworks",
					"$(LOCAL_LIBRARY_DIR)/Frameworks",
					"$(PROJECT_DIR)/Shellbar/External",
					Frameworks,
					"$(PROJECT_DIR)/Shellbar/ExternalFrameworks",
				);
				INFOPLIST_FILE = Shellbar/Info.plist;
				LD_RUNPATH_SEARCH_PATHS = "$(inherited) @executable_path/../Frameworks";
				MACOSX_DEPLOYMENT_TARGET = 10.10;
				PRODUCT_BUNDLE_IDENTIFIER = com.thrifus.Shellbar;
				PRODUCT_NAME = "$(TARGET_NAME)";
				PROVISIONING_PROFILE = "";
				SWIFT_OBJC_BRIDGING_HEADER = "";
				VALIDATE_PRODUCT = YES;
			};
			name = Release;
		};
/* End XCBuildConfiguration section */

/* Begin XCConfigurationList section */
		4F967D971BFD1DDA0048DE4D /* Build configuration list for PBXProject "Shellbar" */ = {
			isa = XCConfigurationList;
			buildConfigurations = (
				4F967DBD1BFD1DDA0048DE4D /* Debug */,
				4F967DBE1BFD1DDA0048DE4D /* Release */,
			);
			defaultConfigurationIsVisible = 0;
			defaultConfigurationName = Release;
		};
		4F967DBF1BFD1DDA0048DE4D /* Build configuration list for PBXNativeTarget "Shellbar" */ = {
			isa = XCConfigurationList;
			buildConfigurations = (
				4F967DC01BFD1DDA0048DE4D /* Debug */,
				4F967DC11BFD1DDA0048DE4D /* Release */,
			);
			defaultConfigurationIsVisible = 0;
			defaultConfigurationName = Release;
		};
/* End XCConfigurationList section */
	};
	rootObject = 4F967D941BFD1DDA0048DE4D /* Project object */;
}
